
Microsoft Visual Studio Solution File, Format Version 12.00
# Visual Studio Version 16
VisualStudioVersion = 16.0.34031.81
MinimumVisualStudioVersion = 10.0.40219.1
Project("{2150E333-8FDC-42A3-9474-1A3956D46DE8}") = "Task0", "Task0", "{24CB14BA-6A9D-415F-A2EF-3204E521CA87}"
EndProject
Project("{FAE04EC0-301F-11D3-BF4B-00C04F79EFBC}") = "Tyuiu.VolodinaAA.Sprint5.Task0.V6", "Tyuiu.VolodinaAA.Sprint5.Task0.V6\Tyuiu.VolodinaAA.Sprint5.Task0.V6.csproj", "{DDA714EA-34CD-4B66-9A3F-824F65FDF39D}"
EndProject
Project("{FAE04EC0-301F-11D3-BF4B-00C04F79EFBC}") = "Tyuiu.VolodinaAA.Sprint5.Task0.V6.Lib", "Tyuiu.VolodinaAA.Sprint5.Task0.V6.Lib\Tyuiu.VolodinaAA.Sprint5.Task0.V6.Lib.csproj", "{52ACAD79-9346-460C-887F-88BBA8CA8706}"
EndProject
Project("{FAE04EC0-301F-11D3-BF4B-00C04F79EFBC}") = "Tyuiu.VolodinaAA.Sprint5.Task0.V6.Test", "Tyuiu.VolodinaAA.Sprint5.Task0.V6.Test\Tyuiu.VolodinaAA.Sprint5.Task0.V6.Test.csproj", "{0CFD4012-2075-40B7-A69C-34CD01ED0100}"
EndProject
Project("{2150E333-8FDC-42A3-9474-1A3956D46DE8}") = "Task1", "Task1", "{2826F3CD-CA48-4133-9CC0-3B2E2357E016}"
EndProject
Project("{FAE04EC0-301F-11D3-BF4B-00C04F79EFBC}") = "Tyuiu.VolodinaAA.Sprint5.Task1.V2", "Tyuiu.VolodinaAA.Sprint5.Task1.V2\Tyuiu.VolodinaAA.Sprint5.Task1.V2.csproj", "{6DCC5CB4-3B02-4147-92F0-7A70FF3B3FB4}"
EndProject
Project("{FAE04EC0-301F-11D3-BF4B-00C04F79EFBC}") = "Tyuiu.VolodinaAA.Sprint5.Task1.V2.Lib", "Tyuiu.VolodinaAA.Sprint5.Task1.V2.Lib\Tyuiu.VolodinaAA.Sprint5.Task1.V2.Lib.csproj", "{DFE9D573-9262-4FF8-8A7B-07314E5B9260}"
EndProject
Project("{FAE04EC0-301F-11D3-BF4B-00C04F79EFBC}") = "Tyuiu.VolodinaAA.Sprint5.Task1.V2.Test", "Tyuiu.VolodinaAA.Sprint5.Task1.V2.Test\Tyuiu.VolodinaAA.Sprint5.Task1.V2.Test.csproj", "{A42C99D4-5B13-4E1C-AD06-60998B446B3E}"
EndProject
Project("{2150E333-8FDC-42A3-9474-1A3956D46DE8}") = "Task2", "Task2", "{47163ECD-69B2-45BC-97FA-F6FC6AB64802}"
EndProject
Project("{FAE04EC0-301F-11D3-BF4B-00C04F79EFBC}") = "Tyuiu.VolodinaAA.Sprint5.Task2.V27", "Tyuiu.VolodinaAA.Sprint5.Task2.V27\Tyuiu.VolodinaAA.Sprint5.Task2.V27.csproj", "{F75DDB96-933D-411D-B413-945FEF9674E8}"
EndProject
Project("{FAE04EC0-301F-11D3-BF4B-00C04F79EFBC}") = "Tyuiu.VolodinaAA.Sprint5.Task2.V27.Lib", "Tyuiu.VolodinaAA.Sprint5.Task2.V27.Lib\Tyuiu.VolodinaAA.Sprint5.Task2.V27.Lib.csproj", "{A7C608DD-368C-41DE-A6C5-341BA958A00B}"
EndProject
Project("{FAE04EC0-301F-11D3-BF4B-00C04F79EFBC}") = "Tyuiu.VolodinaAA.Sprint5.Task2.V27.Test", "Tyuiu.VolodinaAA.Sprint5.Task2.V27.Test\Tyuiu.VolodinaAA.Sprint5.Task2.V27.Test.csproj", "{015F926D-479B-4EE8-9246-79AE628A1FAC}"
EndProject
Global
	GlobalSection(SolutionConfigurationPlatforms) = preSolution
		Debug|Any CPU = Debug|Any CPU
		Release|Any CPU = Release|Any CPU
	EndGlobalSection
	GlobalSection(ProjectConfigurationPlatforms) = postSolution
		{DDA714EA-34CD-4B66-9A3F-824F65FDF39D}.Debug|Any CPU.ActiveCfg = Debug|Any CPU
		{DDA714EA-34CD-4B66-9A3F-824F65FDF39D}.Debug|Any CPU.Build.0 = Debug|Any CPU
		{DDA714EA-34CD-4B66-9A3F-824F65FDF39D}.Release|Any CPU.ActiveCfg = Release|Any CPU
		{DDA714EA-34CD-4B66-9A3F-824F65FDF39D}.Release|Any CPU.Build.0 = Release|Any CPU
		{52ACAD79-9346-460C-887F-88BBA8CA8706}.Debug|Any CPU.ActiveCfg = Debug|Any CPU
		{52ACAD79-9346-460C-887F-88BBA8CA8706}.Debug|Any CPU.Build.0 = Debug|Any CPU
		{52ACAD79-9346-460C-887F-88BBA8CA8706}.Release|Any CPU.ActiveCfg = Release|Any CPU
		{52ACAD79-9346-460C-887F-88BBA8CA8706}.Release|Any CPU.Build.0 = Release|Any CPU
		{0CFD4012-2075-40B7-A69C-34CD01ED0100}.Debug|Any CPU.ActiveCfg = Debug|Any CPU
		{0CFD4012-2075-40B7-A69C-34CD01ED0100}.Debug|Any CPU.Build.0 = Debug|Any CPU
		{0CFD4012-2075-40B7-A69C-34CD01ED0100}.Release|Any CPU.ActiveCfg = Release|Any CPU
		{0CFD4012-2075-40B7-A69C-34CD01ED0100}.Release|Any CPU.Build.0 = Release|Any CPU
		{6DCC5CB4-3B02-4147-92F0-7A70FF3B3FB4}.Debug|Any CPU.ActiveCfg = Debug|Any CPU
		{6DCC5CB4-3B02-4147-92F0-7A70FF3B3FB4}.Debug|Any CPU.Build.0 = Debug|Any CPU
		{6DCC5CB4-3B02-4147-92F0-7A70FF3B3FB4}.Release|Any CPU.ActiveCfg = Release|Any CPU
		{6DCC5CB4-3B02-4147-92F0-7A70FF3B3FB4}.Release|Any CPU.Build.0 = Release|Any CPU
		{DFE9D573-9262-4FF8-8A7B-07314E5B9260}.Debug|Any CPU.ActiveCfg = Debug|Any CPU
		{DFE9D573-9262-4FF8-8A7B-07314E5B9260}.Debug|Any CPU.Build.0 = Debug|Any CPU
		{DFE9D573-9262-4FF8-8A7B-07314E5B9260}.Release|Any CPU.ActiveCfg = Release|Any CPU
		{DFE9D573-9262-4FF8-8A7B-07314E5B9260}.Release|Any CPU.Build.0 = Release|Any CPU
		{A42C99D4-5B13-4E1C-AD06-60998B446B3E}.Debug|Any CPU.ActiveCfg = Debug|Any CPU
		{A42C99D4-5B13-4E1C-AD06-60998B446B3E}.Debug|Any CPU.Build.0 = Debug|Any CPU
		{A42C99D4-5B13-4E1C-AD06-60998B446B3E}.Release|Any CPU.ActiveCfg = Release|Any CPU
		{A42C99D4-5B13-4E1C-AD06-60998B446B3E}.Release|Any CPU.Build.0 = Release|Any CPU
		{F75DDB96-933D-411D-B413-945FEF9674E8}.Debug|Any CPU.ActiveCfg = Debug|Any CPU
		{F75DDB96-933D-411D-B413-945FEF9674E8}.Debug|Any CPU.Build.0 = Debug|Any CPU
		{F75DDB96-933D-411D-B413-945FEF9674E8}.Release|Any CPU.ActiveCfg = Release|Any CPU
		{F75DDB96-933D-411D-B413-945FEF9674E8}.Release|Any CPU.Build.0 = Release|Any CPU
		{A7C608DD-368C-41DE-A6C5-341BA958A00B}.Debug|Any CPU.ActiveCfg = Debug|Any CPU
		{A7C608DD-368C-41DE-A6C5-341BA958A00B}.Debug|Any CPU.Build.0 = Debug|Any CPU
		{A7C608DD-368C-41DE-A6C5-341BA958A00B}.Release|Any CPU.ActiveCfg = Release|Any CPU
		{A7C608DD-368C-41DE-A6C5-341BA958A00B}.Release|Any CPU.Build.0 = Release|Any CPU
		{015F926D-479B-4EE8-9246-79AE628A1FAC}.Debug|Any CPU.ActiveCfg = Debug|Any CPU
		{015F926D-479B-4EE8-9246-79AE628A1FAC}.Debug|Any CPU.Build.0 = Debug|Any CPU
		{015F926D-479B-4EE8-9246-79AE628A1FAC}.Release|Any CPU.ActiveCfg = Release|Any CPU
		{015F926D-479B-4EE8-9246-79AE628A1FAC}.Release|Any CPU.Build.0 = Release|Any CPU
	EndGlobalSection
	GlobalSection(SolutionProperties) = preSolution
		HideSolutionNode = FALSE
	EndGlobalSection
	GlobalSection(NestedProjects) = preSolution
		{DDA714EA-34CD-4B66-9A3F-824F65FDF39D} = {24CB14BA-6A9D-415F-A2EF-3204E521CA87}
		{52ACAD79-9346-460C-887F-88BBA8CA8706} = {24CB14BA-6A9D-415F-A2EF-3204E521CA87}
		{0CFD4012-2075-40B7-A69C-34CD01ED0100} = {24CB14BA-6A9D-415F-A2EF-3204E521CA87}
		{6DCC5CB4-3B02-4147-92F0-7A70FF3B3FB4} = {2826F3CD-CA48-4133-9CC0-3B2E2357E016}
		{DFE9D573-9262-4FF8-8A7B-07314E5B9260} = {2826F3CD-CA48-4133-9CC0-3B2E2357E016}
		{A42C99D4-5B13-4E1C-AD06-60998B446B3E} = {2826F3CD-CA48-4133-9CC0-3B2E2357E016}
		{F75DDB96-933D-411D-B413-945FEF9674E8} = {47163ECD-69B2-45BC-97FA-F6FC6AB64802}
		{A7C608DD-368C-41DE-A6C5-341BA958A00B} = {47163ECD-69B2-45BC-97FA-F6FC6AB64802}
		{015F926D-479B-4EE8-9246-79AE628A1FAC} = {47163ECD-69B2-45BC-97FA-F6FC6AB64802}
	EndGlobalSection
	GlobalSection(ExtensibilityGlobals) = postSolution
		SolutionGuid = {A5FD5759-F48A-4DBD-8453-B51FE24F9F7A}
	EndGlobalSection
EndGlobal
